
Microsoft Visual Studio Solution File, Format Version 12.00
# Visual Studio Version 17
VisualStudioVersion = 17.8.34525.116
MinimumVisualStudioVersion = 10.0.40219.1
Project("{8BC9CEB8-8B4A-11D0-8D11-00A0C91BC942}") = "S24_Riyuan_Liu", "S24_Riyuan_Liu\S24_Riyuan_Liu.vcxproj", "{94637F9A-2453-4E0A-871B-A219F4A13C60}"
EndProject
Project("{8BC9CEB8-8B4A-11D0-8D11-00A0C91BC942}") = "Rogue", "Rogue\Rogue.vcxproj", "{6D049179-42FE-4F9D-9F93-DBA8AA9F228F}"
EndProject
Project("{8BC9CEB8-8B4A-11D0-8D11-00A0C91BC942}") = "glfw", "glfw_build\src\glfw.vcxproj", "{50E74BBF-DB9B-36B6-BB3C-FE520DA60EF1}"
EndProject
Project("{8BC9CEB8-8B4A-11D0-8D11-00A0C91BC942}") = "stbi", "stbi\stbi.vcxproj", "{CB4392CD-CE6C-4918-828A-C8E413B354F2}"
EndProject
Project("{8BC9CEB8-8B4A-11D0-8D11-00A0C91BC942}") = "glad", "glad\glad.vcxproj", "{AD719BDD-C87C-420B-8E37-FA0048FB5A7C}"
EndProject
Global
	GlobalSection(SolutionConfigurationPlatforms) = preSolution
		Debug|x64 = Debug|x64
		Debug|x86 = Debug|x86
		MinSizeRel|x64 = MinSizeRel|x64
		MinSizeRel|x86 = MinSizeRel|x86
		Release|x64 = Release|x64
		Release|x86 = Release|x86
		RelWithDebInfo|x64 = RelWithDebInfo|x64
		RelWithDebInfo|x86 = RelWithDebInfo|x86
	EndGlobalSection
	GlobalSection(ProjectConfigurationPlatforms) = postSolution
		{94637F9A-2453-4E0A-871B-A219F4A13C60}.Debug|x64.ActiveCfg = Debug|x64
		{94637F9A-2453-4E0A-871B-A219F4A13C60}.Debug|x64.Build.0 = Debug|x64
		{94637F9A-2453-4E0A-871B-A219F4A13C60}.Debug|x86.ActiveCfg = Debug|Win32
		{94637F9A-2453-4E0A-871B-A219F4A13C60}.Debug|x86.Build.0 = Debug|Win32
		{94637F9A-2453-4E0A-871B-A219F4A13C60}.MinSizeRel|x64.ActiveCfg = Release|x64
		{94637F9A-2453-4E0A-871B-A219F4A13C60}.MinSizeRel|x64.Build.0 = Release|x64
		{94637F9A-2453-4E0A-871B-A219F4A13C60}.MinSizeRel|x86.ActiveCfg = Debug|Win32
		{94637F9A-2453-4E0A-871B-A219F4A13C60}.MinSizeRel|x86.Build.0 = Debug|Win32
		{94637F9A-2453-4E0A-871B-A219F4A13C60}.Release|x64.ActiveCfg = Release|x64
		{94637F9A-2453-4E0A-871B-A219F4A13C60}.Release|x64.Build.0 = Release|x64
		{94637F9A-2453-4E0A-871B-A219F4A13C60}.Release|x86.ActiveCfg = Release|Win32
		{94637F9A-2453-4E0A-871B-A219F4A13C60}.Release|x86.Build.0 = Release|Win32
		{94637F9A-2453-4E0A-871B-A219F4A13C60}.RelWithDebInfo|x64.ActiveCfg = Release|x64
		{94637F9A-2453-4E0A-871B-A219F4A13C60}.RelWithDebInfo|x64.Build.0 = Release|x64
		{94637F9A-2453-4E0A-871B-A219F4A13C60}.RelWithDebInfo|x86.ActiveCfg = Release|Win32
		{94637F9A-2453-4E0A-871B-A219F4A13C60}.RelWithDebInfo|x86.Build.0 = Release|Win32
		{6D049179-42FE-4F9D-9F93-DBA8AA9F228F}.Debug|x64.ActiveCfg = Debug|x64
		{6D049179-42FE-4F9D-9F93-DBA8AA9F228F}.Debug|x64.Build.0 = Debug|x64
		{6D049179-42FE-4F9D-9F93-DBA8AA9F228F}.Debug|x86.ActiveCfg = Debug|Win32
		{6D049179-42FE-4F9D-9F93-DBA8AA9F228F}.Debug|x86.Build.0 = Debug|Win32
		{6D049179-42FE-4F9D-9F93-DBA8AA9F228F}.MinSizeRel|x64.ActiveCfg = Release|x64
		{6D049179-42FE-4F9D-9F93-DBA8AA9F228F}.MinSizeRel|x64.Build.0 = Release|x64
		{6D049179-42FE-4F9D-9F93-DBA8AA9F228F}.MinSizeRel|x86.ActiveCfg = Debug|Win32
		{6D049179-42FE-4F9D-9F93-DBA8AA9F228F}.MinSizeRel|x86.Build.0 = Debug|Win32
		{6D049179-42FE-4F9D-9F93-DBA8AA9F228F}.Release|x64.ActiveCfg = Release|x64
		{6D049179-42FE-4F9D-9F93-DBA8AA9F228F}.Release|x64.Build.0 = Release|x64
		{6D049179-42FE-4F9D-9F93-DBA8AA9F228F}.Release|x86.ActiveCfg = Release|Win32
		{6D049179-42FE-4F9D-9F93-DBA8AA9F228F}.Release|x86.Build.0 = Release|Win32
		{6D049179-42FE-4F9D-9F93-DBA8AA9F228F}.RelWithDebInfo|x64.ActiveCfg = Release|x64
		{6D049179-42FE-4F9D-9F93-DBA8AA9F228F}.RelWithDebInfo|x64.Build.0 = Release|x64
		{6D049179-42FE-4F9D-9F93-DBA8AA9F228F}.RelWithDebInfo|x86.ActiveCfg = Release|Win32
		{6D049179-42FE-4F9D-9F93-DBA8AA9F228F}.RelWithDebInfo|x86.Build.0 = Release|Win32
		{50E74BBF-DB9B-36B6-BB3C-FE520DA60EF1}.Debug|x64.ActiveCfg = Debug|x64
		{50E74BBF-DB9B-36B6-BB3C-FE520DA60EF1}.Debug|x64.Build.0 = Debug|x64
		{50E74BBF-DB9B-36B6-BB3C-FE520DA60EF1}.Debug|x86.ActiveCfg = Debug|x64
		{50E74BBF-DB9B-36B6-BB3C-FE520DA60EF1}.Debug|x86.Build.0 = Debug|x64
		{50E74BBF-DB9B-36B6-BB3C-FE520DA60EF1}.MinSizeRel|x64.ActiveCfg = MinSizeRel|x64
		{50E74BBF-DB9B-36B6-BB3C-FE520DA60EF1}.MinSizeRel|x64.Build.0 = MinSizeRel|x64
		{50E74BBF-DB9B-36B6-BB3C-FE520DA60EF1}.MinSizeRel|x86.ActiveCfg = MinSizeRel|x64
		{50E74BBF-DB9B-36B6-BB3C-FE520DA60EF1}.MinSizeRel|x86.Build.0 = MinSizeRel|x64
		{50E74BBF-DB9B-36B6-BB3C-FE520DA60EF1}.Release|x64.ActiveCfg = Release|x64
		{50E74BBF-DB9B-36B6-BB3C-FE520DA60EF1}.Release|x64.Build.0 = Release|x64
		{50E74BBF-DB9B-36B6-BB3C-FE520DA60EF1}.Release|x86.ActiveCfg = Release|x64
		{50E74BBF-DB9B-36B6-BB3C-FE520DA60EF1}.Release|x86.Build.0 = Release|x64
		{50E74BBF-DB9B-36B6-BB3C-FE520DA60EF1}.RelWithDebInfo|x64.ActiveCfg = RelWithDebInfo|x64
		{50E74BBF-DB9B-36B6-BB3C-FE520DA60EF1}.RelWithDebInfo|x64.Build.0 = RelWithDebInfo|x64
		{50E74BBF-DB9B-36B6-BB3C-FE520DA60EF1}.RelWithDebInfo|x86.ActiveCfg = RelWithDebInfo|x64
		{50E74BBF-DB9B-36B6-BB3C-FE520DA60EF1}.RelWithDebInfo|x86.Build.0 = RelWithDebInfo|x64
		{CB4392CD-CE6C-4918-828A-C8E413B354F2}.Debug|x64.ActiveCfg = Debug|x64
		{CB4392CD-CE6C-4918-828A-C8E413B354F2}.Debug|x64.Build.0 = Debug|x64
		{CB4392CD-CE6C-4918-828A-C8E413B354F2}.Debug|x86.ActiveCfg = Debug|Win32
		{CB4392CD-CE6C-4918-828A-C8E413B354F2}.Debug|x86.Build.0 = Debug|Win32
		{CB4392CD-CE6C-4918-828A-C8E413B354F2}.MinSizeRel|x64.ActiveCfg = Debug|x64
		{CB4392CD-CE6C-4918-828A-C8E413B354F2}.MinSizeRel|x64.Build.0 = Debug|x64
		{CB4392CD-CE6C-4918-828A-C8E413B354F2}.MinSizeRel|x86.ActiveCfg = Debug|Win32
		{CB4392CD-CE6C-4918-828A-C8E413B354F2}.MinSizeRel|x86.Build.0 = Debug|Win32
		{CB4392CD-CE6C-4918-828A-C8E413B354F2}.Release|x64.ActiveCfg = Release|x64
		{CB4392CD-CE6C-4918-828A-C8E413B354F2}.Release|x64.Build.0 = Release|x64
		{CB4392CD-CE6C-4918-828A-C8E413B354F2}.Release|x86.ActiveCfg = Release|Win32
		{CB4392CD-CE6C-4918-828A-C8E413B354F2}.Release|x86.Build.0 = Release|Win32
		{CB4392CD-CE6C-4918-828A-C8E413B354F2}.RelWithDebInfo|x64.ActiveCfg = Release|x64
		{CB4392CD-CE6C-4918-828A-C8E413B354F2}.RelWithDebInfo|x64.Build.0 = Release|x64
		{CB4392CD-CE6C-4918-828A-C8E413B354F2}.RelWithDebInfo|x86.ActiveCfg = Release|Win32
		{CB4392CD-CE6C-4918-828A-C8E413B354F2}.RelWithDebInfo|x86.Build.0 = Release|Win32
		{AD719BDD-C87C-420B-8E37-FA0048FB5A7C}.Debug|x64.ActiveCfg = Debug|x64
		{AD719BDD-C87C-420B-8E37-FA0048FB5A7C}.Debug|x64.Build.0 = Debug|x64
		{AD719BDD-C87C-420B-8E37-FA0048FB5A7C}.Debug|x86.ActiveCfg = Debug|Win32
		{AD719BDD-C87C-420B-8E37-FA0048FB5A7C}.Debug|x86.Build.0 = Debug|Win32
		{AD719BDD-C87C-420B-8E37-FA0048FB5A7C}.MinSizeRel|x64.ActiveCfg = Debug|x64
		{AD719BDD-C87C-420B-8E37-FA0048FB5A7C}.MinSizeRel|x64.Build.0 = Debug|x64
		{AD719BDD-C87C-420B-8E37-FA0048FB5A7C}.MinSizeRel|x86.ActiveCfg = Debug|Win32
		{AD719BDD-C87C-420B-8E37-FA0048FB5A7C}.MinSizeRel|x86.Build.0 = Debug|Win32
		{AD719BDD-C87C-420B-8E37-FA0048FB5A7C}.Release|x64.ActiveCfg = Release|x64
		{AD719BDD-C87C-420B-8E37-FA0048FB5A7C}.Release|x64.Build.0 = Release|x64
		{AD719BDD-C87C-420B-8E37-FA0048FB5A7C}.Release|x86.ActiveCfg = Release|Win32
		{AD719BDD-C87C-420B-8E37-FA0048FB5A7C}.Release|x86.Build.0 = Release|Win32
		{AD719BDD-C87C-420B-8E37-FA0048FB5A7C}.RelWithDebInfo|x64.ActiveCfg = Release|x64
		{AD719BDD-C87C-420B-8E37-FA0048FB5A7C}.RelWithDebInfo|x64.Build.0 = Release|x64
		{AD719BDD-C87C-420B-8E37-FA0048FB5A7C}.RelWithDebInfo|x86.ActiveCfg = Release|Win32
		{AD719BDD-C87C-420B-8E37-FA0048FB5A7C}.RelWithDebInfo|x86.Build.0 = Release|Win32
	EndGlobalSection
	GlobalSection(SolutionProperties) = preSolution
		HideSolutionNode = FALSE
	EndGlobalSection
	GlobalSection(ExtensibilityGlobals) = postSolution
		SolutionGuid = {BE0FE38E-3D9F-4D1B-9FFB-A209D487EB53}
	EndGlobalSection
EndGlobal
