
Microsoft Visual Studio Solution File, Format Version 12.00
# Visual Studio Version 17
VisualStudioVersion = 17.8.34525.116
MinimumVisualStudioVersion = 10.0.40219.1
Project("{8BC9CEB8-8B4A-11D0-8D11-00A0C91BC942}") = "S24_Riyuan_Liu", "S24_Riyuan_Liu\S24_Riyuan_Liu.vcxproj", "{94637F9A-2453-4E0A-871B-A219F4A13C60}"
EndProject
Project("{8BC9CEB8-8B4A-11D0-8D11-00A0C91BC942}") = "Rogue", "Rogue\Rogue.vcxproj", "{6D049179-42FE-4F9D-9F93-DBA8AA9F228F}"
EndProject
Global
	GlobalSection(SolutionConfigurationPlatforms) = preSolution
		Debug|x64 = Debug|x64
		Release|x64 = Release|x64
	EndGlobalSection
	GlobalSection(ProjectConfigurationPlatforms) = postSolution
		{94637F9A-2453-4E0A-871B-A219F4A13C60}.Debug|x64.ActiveCfg = Debug|x64
		{94637F9A-2453-4E0A-871B-A219F4A13C60}.Debug|x64.Build.0 = Debug|x64
		{94637F9A-2453-4E0A-871B-A219F4A13C60}.Release|x64.ActiveCfg = Release|x64
		{94637F9A-2453-4E0A-871B-A219F4A13C60}.Release|x64.Build.0 = Release|x64
		{6D049179-42FE-4F9D-9F93-DBA8AA9F228F}.Debug|x64.ActiveCfg = Debug|x64
		{6D049179-42FE-4F9D-9F93-DBA8AA9F228F}.Debug|x64.Build.0 = Debug|x64
		{6D049179-42FE-4F9D-9F93-DBA8AA9F228F}.Release|x64.ActiveCfg = Release|x64
		{6D049179-42FE-4F9D-9F93-DBA8AA9F228F}.Release|x64.Build.0 = Release|x64
	EndGlobalSection
	GlobalSection(SolutionProperties) = preSolution
		HideSolutionNode = FALSE
	EndGlobalSection
	GlobalSection(ExtensibilityGlobals) = postSolution
		SolutionGuid = {BE0FE38E-3D9F-4D1B-9FFB-A209D487EB53}
	EndGlobalSection
EndGlobal
